
Microsoft Visual Studio Solution File, Format Version 12.00
# Visual Studio 15
VisualStudioVersion = 15.0.26228.9
MinimumVisualStudioVersion = 10.0.40219.1
Project("{FAE04EC0-301F-11D3-BF4B-00C04F79EFBC}") = "SchoolSafeIDUploader", "SchoolSafeIDUploader\SchoolSafeIDUploader.csproj", "{8110599D-751C-4A62-AF15-DB3A5D7A7BEC}"
EndProject
Global
	GlobalSection(SolutionConfigurationPlatforms) = preSolution
		Debug|Any CPU = Debug|Any CPU
		Release|Any CPU = Release|Any CPU
	EndGlobalSection
	GlobalSection(ProjectConfigurationPlatforms) = postSolution
		{8110599D-751C-4A62-AF15-DB3A5D7A7BEC}.Debug|Any CPU.ActiveCfg = Debug|Any CPU
		{8110599D-751C-4A62-AF15-DB3A5D7A7BEC}.Debug|Any CPU.Build.0 = Debug|Any CPU
		{8110599D-751C-4A62-AF15-DB3A5D7A7BEC}.Release|Any CPU.ActiveCfg = Release|Any CPU
		{8110599D-751C-4A62-AF15-DB3A5D7A7BEC}.Release|Any CPU.Build.0 = Release|Any CPU
	EndGlobalSection
	GlobalSection(SolutionProperties) = preSolution
		HideSolutionNode = FALSE
	EndGlobalSection
EndGlobal
